
Microsoft Visual Studio Solution File, Format Version 12.00
# Visual Studio Version 16
VisualStudioVersion = 16.0.31402.337
MinimumVisualStudioVersion = 10.0.40219.1
Project("{FAE04EC0-301F-11D3-BF4B-00C04F79EFBC}") = "PlanetMission", "PlanetMission\PlanetMission.csproj", "{2DBEC747-05B7-4889-BFDF-83A1702B151F}"
EndProject
Global
	GlobalSection(SolutionConfigurationPlatforms) = preSolution
		Debug|Any CPU = Debug|Any CPU
		Release|Any CPU = Release|Any CPU
	EndGlobalSection
	GlobalSection(ProjectConfigurationPlatforms) = postSolution
		{2DBEC747-05B7-4889-BFDF-83A1702B151F}.Debug|Any CPU.ActiveCfg = Debug|Any CPU
		{2DBEC747-05B7-4889-BFDF-83A1702B151F}.Debug|Any CPU.Build.0 = Debug|Any CPU
		{2DBEC747-05B7-4889-BFDF-83A1702B151F}.Release|Any CPU.ActiveCfg = Release|Any CPU
		{2DBEC747-05B7-4889-BFDF-83A1702B151F}.Release|Any CPU.Build.0 = Release|Any CPU
	EndGlobalSection
	GlobalSection(SolutionProperties) = preSolution
		HideSolutionNode = FALSE
	EndGlobalSection
	GlobalSection(ExtensibilityGlobals) = postSolution
		SolutionGuid = {687F352B-F118-4392-9521-7F87E5242D71}
	EndGlobalSection
EndGlobal
